
Microsoft Visual Studio Solution File, Format Version 12.00
# Visual Studio Version 17
VisualStudioVersion = 17.9.34728.123
MinimumVisualStudioVersion = 10.0.40219.1
Project("{9A19103F-16F7-4668-BE54-9A1E7A4F7556}") = "TodoListAPI", "TodoListAPI.csproj", "{546289DC-938D-49CD-A9A6-B22018ADB75E}"
EndProject
Global
	GlobalSection(SolutionConfigurationPlatforms) = preSolution
		Debug|Any CPU = Debug|Any CPU
		Release|Any CPU = Release|Any CPU
	EndGlobalSection
	GlobalSection(ProjectConfigurationPlatforms) = postSolution
		{546289DC-938D-49CD-A9A6-B22018ADB75E}.Debug|Any CPU.ActiveCfg = Debug|Any CPU
		{546289DC-938D-49CD-A9A6-B22018ADB75E}.Debug|Any CPU.Build.0 = Debug|Any CPU
		{546289DC-938D-49CD-A9A6-B22018ADB75E}.Release|Any CPU.ActiveCfg = Release|Any CPU
		{546289DC-938D-49CD-A9A6-B22018ADB75E}.Release|Any CPU.Build.0 = Release|Any CPU
	EndGlobalSection
	GlobalSection(SolutionProperties) = preSolution
		HideSolutionNode = FALSE
	EndGlobalSection
	GlobalSection(ExtensibilityGlobals) = postSolution
		SolutionGuid = {5CBCA9F3-52D6-4F8B-A72A-B38264BF02EF}
	EndGlobalSection
EndGlobal
